{
    "requires": true,
    "lockfileVersion": 1,
    "dependencies": {
        "react-live-chat-loader": {
            "version": "2.7.3",
            "resolved": "https://registry.npmjs.org/react-live-chat-loader/-/react-live-chat-loader-2.7.3.tgz",
            "integrity": "sha512-VviVqnF3PYDBJ77JiPZv4cpulx806L22WfsIQxvlxlEWmzKNp/0lEs57uP6EJcE+d1jQwGcR9DIsj5qouE6OkA=="
        }
    }
}
